
Microsoft Visual Studio Solution File, Format Version 12.00
# Visual Studio Version 17
VisualStudioVersion = 17.8.34309.116
MinimumVisualStudioVersion = 10.0.40219.1
Project("{FAE04EC0-301F-11D3-BF4B-00C04F79EFBC}") = "Alarm Clock", "Alarm Clock.csproj", "{8125EBB6-CD9F-467E-80EE-7643BAA575D2}"
EndProject
Global
	GlobalSection(SolutionConfigurationPlatforms) = preSolution
		Debug|Any CPU = Debug|Any CPU
		Release|Any CPU = Release|Any CPU
	EndGlobalSection
	GlobalSection(ProjectConfigurationPlatforms) = postSolution
		{8125EBB6-CD9F-467E-80EE-7643BAA575D2}.Debug|Any CPU.ActiveCfg = Debug|Any CPU
		{8125EBB6-CD9F-467E-80EE-7643BAA575D2}.Debug|Any CPU.Build.0 = Debug|Any CPU
		{8125EBB6-CD9F-467E-80EE-7643BAA575D2}.Release|Any CPU.ActiveCfg = Release|Any CPU
		{8125EBB6-CD9F-467E-80EE-7643BAA575D2}.Release|Any CPU.Build.0 = Release|Any CPU
	EndGlobalSection
	GlobalSection(SolutionProperties) = preSolution
		HideSolutionNode = FALSE
	EndGlobalSection
	GlobalSection(ExtensibilityGlobals) = postSolution
		SolutionGuid = {122C4FFD-F7A9-405D-A1EA-1FF6B132DCC8}
	EndGlobalSection
EndGlobal
